
Microsoft Visual Studio Solution File, Format Version 12.00
# Visual Studio Version 16
VisualStudioVersion = 16.0.29814.53
MinimumVisualStudioVersion = 10.0.40219.1
Project("{FAE04EC0-301F-11D3-BF4B-00C04F79EFBC}") = "BlazorWasm", "src\BlazorWasm\BlazorWasm.csproj", "{7609E62A-005C-430C-B0F5-DD8C2197F123}"
EndProject
Global
	GlobalSection(SolutionConfigurationPlatforms) = preSolution
		Debug|Any CPU = Debug|Any CPU
		Release|Any CPU = Release|Any CPU
	EndGlobalSection
	GlobalSection(ProjectConfigurationPlatforms) = postSolution
		{7609E62A-005C-430C-B0F5-DD8C2197F123}.Debug|Any CPU.ActiveCfg = Debug|Any CPU
		{7609E62A-005C-430C-B0F5-DD8C2197F123}.Debug|Any CPU.Build.0 = Debug|Any CPU
		{7609E62A-005C-430C-B0F5-DD8C2197F123}.Release|Any CPU.ActiveCfg = Release|Any CPU
		{7609E62A-005C-430C-B0F5-DD8C2197F123}.Release|Any CPU.Build.0 = Release|Any CPU
	EndGlobalSection
	GlobalSection(SolutionProperties) = preSolution
		HideSolutionNode = FALSE
	EndGlobalSection
	GlobalSection(ExtensibilityGlobals) = postSolution
		SolutionGuid = {E53E88B6-626B-4FBA-B3F2-B41A87A18934}
	EndGlobalSection
EndGlobal
